
Microsoft Visual Studio Solution File, Format Version 12.00
# Visual Studio Version 16
VisualStudioVersion = 16.0.30717.126
MinimumVisualStudioVersion = 10.0.40219.1
Project("{FAE04EC0-301F-11D3-BF4B-00C04F79EFBC}") = "Hahn.ApplicationProcess.February2021.Web", "Hahn.ApplicationProcess.February2021.Web\Hahn.ApplicationProcess.February2021.Web.csproj", "{8C3E413D-C388-4B2E-9941-103DD797D616}"
EndProject
Project("{FAE04EC0-301F-11D3-BF4B-00C04F79EFBC}") = "Hahn.ApplicationProcess.February2021.Domain", "Hahn.ApplicationProcess.February2021.Domain\Hahn.ApplicationProcess.February2021.Domain.csproj", "{3C738708-6C40-4B12-AA29-C2CB3EE4A28F}"
EndProject
Project("{FAE04EC0-301F-11D3-BF4B-00C04F79EFBC}") = "Hahn.ApplicationProcess.February2021.Data", "Hahn.ApplicationProcess.February2021.Data\Hahn.ApplicationProcess.February2021.Data.csproj", "{C48FF95F-3AE5-4E24-8F42-8B8524717672}"
EndProject
Project("{E53339B2-1760-4266-BCC7-CA923CBCF16C}") = "docker-compose", "docker-compose.dcproj", "{6FC758D9-83E2-4336-84B1-A6120C5AFE03}"
EndProject
Global
	GlobalSection(SolutionConfigurationPlatforms) = preSolution
		Debug|Any CPU = Debug|Any CPU
		Release|Any CPU = Release|Any CPU
	EndGlobalSection
	GlobalSection(ProjectConfigurationPlatforms) = postSolution
		{8C3E413D-C388-4B2E-9941-103DD797D616}.Debug|Any CPU.ActiveCfg = Debug|Any CPU
		{8C3E413D-C388-4B2E-9941-103DD797D616}.Debug|Any CPU.Build.0 = Debug|Any CPU
		{8C3E413D-C388-4B2E-9941-103DD797D616}.Release|Any CPU.ActiveCfg = Release|Any CPU
		{8C3E413D-C388-4B2E-9941-103DD797D616}.Release|Any CPU.Build.0 = Release|Any CPU
		{3C738708-6C40-4B12-AA29-C2CB3EE4A28F}.Debug|Any CPU.ActiveCfg = Debug|Any CPU
		{3C738708-6C40-4B12-AA29-C2CB3EE4A28F}.Debug|Any CPU.Build.0 = Debug|Any CPU
		{3C738708-6C40-4B12-AA29-C2CB3EE4A28F}.Release|Any CPU.ActiveCfg = Release|Any CPU
		{3C738708-6C40-4B12-AA29-C2CB3EE4A28F}.Release|Any CPU.Build.0 = Release|Any CPU
		{C48FF95F-3AE5-4E24-8F42-8B8524717672}.Debug|Any CPU.ActiveCfg = Debug|Any CPU
		{C48FF95F-3AE5-4E24-8F42-8B8524717672}.Debug|Any CPU.Build.0 = Debug|Any CPU
		{C48FF95F-3AE5-4E24-8F42-8B8524717672}.Release|Any CPU.ActiveCfg = Release|Any CPU
		{C48FF95F-3AE5-4E24-8F42-8B8524717672}.Release|Any CPU.Build.0 = Release|Any CPU
		{6FC758D9-83E2-4336-84B1-A6120C5AFE03}.Debug|Any CPU.ActiveCfg = Debug|Any CPU
		{6FC758D9-83E2-4336-84B1-A6120C5AFE03}.Debug|Any CPU.Build.0 = Debug|Any CPU
		{6FC758D9-83E2-4336-84B1-A6120C5AFE03}.Release|Any CPU.ActiveCfg = Release|Any CPU
		{6FC758D9-83E2-4336-84B1-A6120C5AFE03}.Release|Any CPU.Build.0 = Release|Any CPU
	EndGlobalSection
	GlobalSection(SolutionProperties) = preSolution
		HideSolutionNode = FALSE
	EndGlobalSection
	GlobalSection(ExtensibilityGlobals) = postSolution
		SolutionGuid = {434410FC-E728-4E63-8285-51242899673B}
	EndGlobalSection
EndGlobal
